// !$*UTF8*$!
{
	archiveVersion = 1;
	classes = {
	};
	objectVersion = 54;
	objects = {

/* Begin PBXBuildFile section */
		058557BB273AAA24004C7B11 /* Assets.xcassets in Resources */ = {isa = PBXBuildFile; fileRef = 058557BA273AAA24004C7B11 /* Assets.xcassets */; };
		058557D9273AAEEB004C7B11 /* Preview Assets.xcassets in Resources */ = {isa = PBXBuildFile; fileRef = 058557D8273AAEEB004C7B11 /* Preview Assets.xcassets */; };
		2152FB042600AC8F00CF470E /* iOSApp.swift in Sources */ = {isa = PBXBuildFile; fileRef = 2152FB032600AC8F00CF470E /* iOSApp.swift */; };
		FA08ADF42B27A021005269F2 /* CircularProgressBar.swift in Sources */ = {isa = PBXBuildFile; fileRef = FA08ADF32B27A021005269F2 /* CircularProgressBar.swift */; };
		FA08ADF72B2974E4005269F2 /* SplashScreen.swift in Sources */ = {isa = PBXBuildFile; fileRef = FA08ADF62B2974E4005269F2 /* SplashScreen.swift */; };
		FA08ADF92B29760C005269F2 /* SplashViewModel.swift in Sources */ = {isa = PBXBuildFile; fileRef = FA08ADF82B29760C005269F2 /* SplashViewModel.swift */; };
		FA08ADFC2B297891005269F2 /* MainScreen.swift in Sources */ = {isa = PBXBuildFile; fileRef = FA08ADFB2B297891005269F2 /* MainScreen.swift */; };
		FA08ADFE2B2B19C4005269F2 /* MainScreenViewModel.swift in Sources */ = {isa = PBXBuildFile; fileRef = FA08ADFD2B2B19C4005269F2 /* MainScreenViewModel.swift */; };
		FA08AE002B2B22D0005269F2 /* AppSearchBar.swift in Sources */ = {isa = PBXBuildFile; fileRef = FA08ADFF2B2B22D0005269F2 /* AppSearchBar.swift */; };
		FAAFD9FB2B2C4F7D00FC4B39 /* CategoryItem.swift in Sources */ = {isa = PBXBuildFile; fileRef = FAAFD9FA2B2C4F7D00FC4B39 /* CategoryItem.swift */; };
		FAAFD9FF2B2C5A2100FC4B39 /* IdentifiableCategory.swift in Sources */ = {isa = PBXBuildFile; fileRef = FAAFD9FE2B2C5A2100FC4B39 /* IdentifiableCategory.swift */; };
		FAAFDA012B2C5E7800FC4B39 /* CoffeeCard.swift in Sources */ = {isa = PBXBuildFile; fileRef = FAAFDA002B2C5E7800FC4B39 /* CoffeeCard.swift */; };
		FAAFDA032B2C62D600FC4B39 /* IdentifiableCoffee.swift in Sources */ = {isa = PBXBuildFile; fileRef = FAAFDA022B2C62D600FC4B39 /* IdentifiableCoffee.swift */; };
		FACD83DE2B272F27004F2414 /* StartScreen.swift in Sources */ = {isa = PBXBuildFile; fileRef = FACD83DD2B272F27004F2414 /* StartScreen.swift */; };
		FACD83E12B2732EA004F2414 /* color-converter.swift in Sources */ = {isa = PBXBuildFile; fileRef = FACD83E02B2732EA004F2414 /* color-converter.swift */; };
		FACD83E42B275150004F2414 /* LoginScreen.swift in Sources */ = {isa = PBXBuildFile; fileRef = FACD83E32B275150004F2414 /* LoginScreen.swift */; };
		FACD83E62B275171004F2414 /* LoginViewModel.swift in Sources */ = {isa = PBXBuildFile; fileRef = FACD83E52B275171004F2414 /* LoginViewModel.swift */; };
		FACD83E92B276319004F2414 /* LoginTextField.swift in Sources */ = {isa = PBXBuildFile; fileRef = FACD83E82B276319004F2414 /* LoginTextField.swift */; };
		FACD83EB2B276761004F2414 /* AppPrimaryButton.swift in Sources */ = {isa = PBXBuildFile; fileRef = FACD83EA2B276761004F2414 /* AppPrimaryButton.swift */; };
		FACD83ED2B276A5A004F2414 /* PasswordTextField.swift in Sources */ = {isa = PBXBuildFile; fileRef = FACD83EC2B276A5A004F2414 /* PasswordTextField.swift */; };
		FAFD26372B2F744300BD031B /* SwiftUIIntrospect in Frameworks */ = {isa = PBXBuildFile; productRef = FAFD26362B2F744300BD031B /* SwiftUIIntrospect */; };
		FAFD263F2B2F74A200BD031B /* FavoriteScreen.swift in Sources */ = {isa = PBXBuildFile; fileRef = FAFD263E2B2F74A200BD031B /* FavoriteScreen.swift */; };
		FAFD26412B2F757800BD031B /* SwiftUIIntrospect in Frameworks */ = {isa = PBXBuildFile; productRef = FAFD26402B2F757800BD031B /* SwiftUIIntrospect */; };
		FAFD264B2B31A04200BD031B /* OrdersScreen.swift in Sources */ = {isa = PBXBuildFile; fileRef = FAFD264A2B31A04200BD031B /* OrdersScreen.swift */; };
		FAFD264D2B31A05000BD031B /* CartScreen.swift in Sources */ = {isa = PBXBuildFile; fileRef = FAFD264C2B31A05000BD031B /* CartScreen.swift */; };
		FAFD26512B31A46F00BD031B /* CoffeeDetailScreen.swift in Sources */ = {isa = PBXBuildFile; fileRef = FAFD26502B31A46F00BD031B /* CoffeeDetailScreen.swift */; };
		FAFD26552B31A4A900BD031B /* CoffeeDetailViewModel.swift in Sources */ = {isa = PBXBuildFile; fileRef = FAFD26542B31A4A900BD031B /* CoffeeDetailViewModel.swift */; };
/* End PBXBuildFile section */

/* Begin PBXCopyFilesBuildPhase section */
		7555FFB4242A642300829871 /* Embed Frameworks */ = {
			isa = PBXCopyFilesBuildPhase;
			buildActionMask = 2147483647;
			dstPath = "";
			dstSubfolderSpec = 10;
			files = (
			);
			name = "Embed Frameworks";
			runOnlyForDeploymentPostprocessing = 0;
		};
/* End PBXCopyFilesBuildPhase section */

/* Begin PBXFileReference section */
		058557BA273AAA24004C7B11 /* Assets.xcassets */ = {isa = PBXFileReference; lastKnownFileType = folder.assetcatalog; path = Assets.xcassets; sourceTree = "<group>"; };
		058557D8273AAEEB004C7B11 /* Preview Assets.xcassets */ = {isa = PBXFileReference; lastKnownFileType = folder.assetcatalog; path = "Preview Assets.xcassets"; sourceTree = "<group>"; };
		2152FB032600AC8F00CF470E /* iOSApp.swift */ = {isa = PBXFileReference; lastKnownFileType = sourcecode.swift; path = iOSApp.swift; sourceTree = "<group>"; };
		7555FF7B242A565900829871 /* iosApp.app */ = {isa = PBXFileReference; explicitFileType = wrapper.application; includeInIndex = 0; path = iosApp.app; sourceTree = BUILT_PRODUCTS_DIR; };
		7555FF8C242A565B00829871 /* Info.plist */ = {isa = PBXFileReference; lastKnownFileType = text.plist.xml; path = Info.plist; sourceTree = "<group>"; };
		FA08ADF32B27A021005269F2 /* CircularProgressBar.swift */ = {isa = PBXFileReference; lastKnownFileType = sourcecode.swift; path = CircularProgressBar.swift; sourceTree = "<group>"; };
		FA08ADF62B2974E4005269F2 /* SplashScreen.swift */ = {isa = PBXFileReference; lastKnownFileType = sourcecode.swift; path = SplashScreen.swift; sourceTree = "<group>"; };
		FA08ADF82B29760C005269F2 /* SplashViewModel.swift */ = {isa = PBXFileReference; lastKnownFileType = sourcecode.swift; path = SplashViewModel.swift; sourceTree = "<group>"; };
		FA08ADFB2B297891005269F2 /* MainScreen.swift */ = {isa = PBXFileReference; lastKnownFileType = sourcecode.swift; path = MainScreen.swift; sourceTree = "<group>"; };
		FA08ADFD2B2B19C4005269F2 /* MainScreenViewModel.swift */ = {isa = PBXFileReference; lastKnownFileType = sourcecode.swift; path = MainScreenViewModel.swift; sourceTree = "<group>"; };
		FA08ADFF2B2B22D0005269F2 /* AppSearchBar.swift */ = {isa = PBXFileReference; lastKnownFileType = sourcecode.swift; path = AppSearchBar.swift; sourceTree = "<group>"; };
		FAAFD9FA2B2C4F7D00FC4B39 /* CategoryItem.swift */ = {isa = PBXFileReference; lastKnownFileType = sourcecode.swift; path = CategoryItem.swift; sourceTree = "<group>"; };
		FAAFD9FE2B2C5A2100FC4B39 /* IdentifiableCategory.swift */ = {isa = PBXFileReference; lastKnownFileType = sourcecode.swift; path = IdentifiableCategory.swift; sourceTree = "<group>"; };
		FAAFDA002B2C5E7800FC4B39 /* CoffeeCard.swift */ = {isa = PBXFileReference; lastKnownFileType = sourcecode.swift; path = CoffeeCard.swift; sourceTree = "<group>"; };
		FAAFDA022B2C62D600FC4B39 /* IdentifiableCoffee.swift */ = {isa = PBXFileReference; lastKnownFileType = sourcecode.swift; path = IdentifiableCoffee.swift; sourceTree = "<group>"; };
		FACD83DD2B272F27004F2414 /* StartScreen.swift */ = {isa = PBXFileReference; lastKnownFileType = sourcecode.swift; path = StartScreen.swift; sourceTree = "<group>"; };
		FACD83E02B2732EA004F2414 /* color-converter.swift */ = {isa = PBXFileReference; lastKnownFileType = sourcecode.swift; path = "color-converter.swift"; sourceTree = "<group>"; };
		FACD83E32B275150004F2414 /* LoginScreen.swift */ = {isa = PBXFileReference; lastKnownFileType = sourcecode.swift; path = LoginScreen.swift; sourceTree = "<group>"; };
		FACD83E52B275171004F2414 /* LoginViewModel.swift */ = {isa = PBXFileReference; lastKnownFileType = sourcecode.swift; path = LoginViewModel.swift; sourceTree = "<group>"; };
		FACD83E82B276319004F2414 /* LoginTextField.swift */ = {isa = PBXFileReference; lastKnownFileType = sourcecode.swift; path = LoginTextField.swift; sourceTree = "<group>"; };
		FACD83EA2B276761004F2414 /* AppPrimaryButton.swift */ = {isa = PBXFileReference; lastKnownFileType = sourcecode.swift; path = AppPrimaryButton.swift; sourceTree = "<group>"; };
		FACD83EC2B276A5A004F2414 /* PasswordTextField.swift */ = {isa = PBXFileReference; lastKnownFileType = sourcecode.swift; path = PasswordTextField.swift; sourceTree = "<group>"; };
		FAFD263E2B2F74A200BD031B /* FavoriteScreen.swift */ = {isa = PBXFileReference; lastKnownFileType = sourcecode.swift; path = FavoriteScreen.swift; sourceTree = "<group>"; };
		FAFD264A2B31A04200BD031B /* OrdersScreen.swift */ = {isa = PBXFileReference; lastKnownFileType = sourcecode.swift; path = OrdersScreen.swift; sourceTree = "<group>"; };
		FAFD264C2B31A05000BD031B /* CartScreen.swift */ = {isa = PBXFileReference; lastKnownFileType = sourcecode.swift; path = CartScreen.swift; sourceTree = "<group>"; };
		FAFD26502B31A46F00BD031B /* CoffeeDetailScreen.swift */ = {isa = PBXFileReference; lastKnownFileType = sourcecode.swift; path = CoffeeDetailScreen.swift; sourceTree = "<group>"; };
		FAFD26542B31A4A900BD031B /* CoffeeDetailViewModel.swift */ = {isa = PBXFileReference; lastKnownFileType = sourcecode.swift; path = CoffeeDetailViewModel.swift; sourceTree = "<group>"; };
/* End PBXFileReference section */

/* Begin PBXFrameworksBuildPhase section */
		7555FF78242A565900829871 /* Frameworks */ = {
			isa = PBXFrameworksBuildPhase;
			buildActionMask = 2147483647;
			files = (
				FAFD26372B2F744300BD031B /* SwiftUIIntrospect in Frameworks */,
				FAFD26412B2F757800BD031B /* SwiftUIIntrospect in Frameworks */,
			);
			runOnlyForDeploymentPostprocessing = 0;
		};
/* End PBXFrameworksBuildPhase section */

/* Begin PBXGroup section */
		058557D7273AAEEB004C7B11 /* Preview Content */ = {
			isa = PBXGroup;
			children = (
				058557D8273AAEEB004C7B11 /* Preview Assets.xcassets */,
			);
			path = "Preview Content";
			sourceTree = "<group>";
		};
		7555FF72242A565900829871 = {
			isa = PBXGroup;
			children = (
				7555FF7D242A565900829871 /* iosApp */,
				7555FF7C242A565900829871 /* Products */,
				7555FFB0242A642200829871 /* Frameworks */,
			);
			sourceTree = "<group>";
		};
		7555FF7C242A565900829871 /* Products */ = {
			isa = PBXGroup;
			children = (
				7555FF7B242A565900829871 /* iosApp.app */,
			);
			name = Products;
			sourceTree = "<group>";
		};
		7555FF7D242A565900829871 /* iosApp */ = {
			isa = PBXGroup;
			children = (
				FAFD264E2B31A3CC00BD031B /* screens */,
				FACD83E72B276307004F2414 /* views */,
				FACD83DF2B2732D9004F2414 /* untils */,
				058557BA273AAA24004C7B11 /* Assets.xcassets */,
				7555FF8C242A565B00829871 /* Info.plist */,
				2152FB032600AC8F00CF470E /* iOSApp.swift */,
				058557D7273AAEEB004C7B11 /* Preview Content */,
			);
			path = iosApp;
			sourceTree = "<group>";
		};
		7555FFB0242A642200829871 /* Frameworks */ = {
			isa = PBXGroup;
			children = (
			);
			name = Frameworks;
			sourceTree = "<group>";
		};
		FA08ADF52B2974C9005269F2 /* splash_screen */ = {
			isa = PBXGroup;
			children = (
				FA08ADF62B2974E4005269F2 /* SplashScreen.swift */,
				FA08ADF82B29760C005269F2 /* SplashViewModel.swift */,
			);
			path = splash_screen;
			sourceTree = "<group>";
		};
		FA08ADFA2B29787D005269F2 /* main_screen */ = {
			isa = PBXGroup;
			children = (
				FA08ADFB2B297891005269F2 /* MainScreen.swift */,
				FA08ADFD2B2B19C4005269F2 /* MainScreenViewModel.swift */,
				FAAFD9FE2B2C5A2100FC4B39 /* IdentifiableCategory.swift */,
				FAAFDA022B2C62D600FC4B39 /* IdentifiableCoffee.swift */,
			);
			path = main_screen;
			sourceTree = "<group>";
		};
		FACD83DC2B272EFC004F2414 /* start_screen */ = {
			isa = PBXGroup;
			children = (
				FACD83DD2B272F27004F2414 /* StartScreen.swift */,
			);
			path = start_screen;
			sourceTree = "<group>";
		};
		FACD83DF2B2732D9004F2414 /* untils */ = {
			isa = PBXGroup;
			children = (
				FACD83E02B2732EA004F2414 /* color-converter.swift */,
			);
			path = untils;
			sourceTree = "<group>";
		};
		FACD83E22B275113004F2414 /* login_screen */ = {
			isa = PBXGroup;
			children = (
				FACD83E32B275150004F2414 /* LoginScreen.swift */,
				FACD83E52B275171004F2414 /* LoginViewModel.swift */,
			);
			path = login_screen;
			sourceTree = "<group>";
		};
		FACD83E72B276307004F2414 /* views */ = {
			isa = PBXGroup;
			children = (
				FACD83E82B276319004F2414 /* LoginTextField.swift */,
				FACD83EA2B276761004F2414 /* AppPrimaryButton.swift */,
				FACD83EC2B276A5A004F2414 /* PasswordTextField.swift */,
				FA08ADF32B27A021005269F2 /* CircularProgressBar.swift */,
				FA08ADFF2B2B22D0005269F2 /* AppSearchBar.swift */,
				FAAFD9FA2B2C4F7D00FC4B39 /* CategoryItem.swift */,
				FAAFDA002B2C5E7800FC4B39 /* CoffeeCard.swift */,
			);
			path = views;
			sourceTree = "<group>";
		};
		FAFD263D2B2F748400BD031B /* favorite_screen */ = {
			isa = PBXGroup;
			children = (
				FAFD263E2B2F74A200BD031B /* FavoriteScreen.swift */,
			);
			path = favorite_screen;
			sourceTree = "<group>";
		};
		FAFD26462B319FD400BD031B /* cart_screen */ = {
			isa = PBXGroup;
			children = (
				FAFD264C2B31A05000BD031B /* CartScreen.swift */,
			);
			path = cart_screen;
			sourceTree = "<group>";
		};
		FAFD26492B31A01100BD031B /* orders_screen */ = {
			isa = PBXGroup;
			children = (
				FAFD264A2B31A04200BD031B /* OrdersScreen.swift */,
			);
			path = orders_screen;
			sourceTree = "<group>";
		};
		FAFD264E2B31A3CC00BD031B /* screens */ = {
			isa = PBXGroup;
			children = (
				FAFD264F2B31A42200BD031B /* coffee_detail_screen */,
				FACD83DC2B272EFC004F2414 /* start_screen */,
				FACD83E22B275113004F2414 /* login_screen */,
				FA08ADF52B2974C9005269F2 /* splash_screen */,
				FA08ADFA2B29787D005269F2 /* main_screen */,
				FAFD263D2B2F748400BD031B /* favorite_screen */,
				FAFD26462B319FD400BD031B /* cart_screen */,
				FAFD26492B31A01100BD031B /* orders_screen */,
			);
			path = screens;
			sourceTree = "<group>";
		};
		FAFD264F2B31A42200BD031B /* coffee_detail_screen */ = {
			isa = PBXGroup;
			children = (
				FAFD26502B31A46F00BD031B /* CoffeeDetailScreen.swift */,
				FAFD26542B31A4A900BD031B /* CoffeeDetailViewModel.swift */,
			);
			path = coffee_detail_screen;
			sourceTree = "<group>";
		};
/* End PBXGroup section */

/* Begin PBXNativeTarget section */
		7555FF7A242A565900829871 /* iosApp */ = {
			isa = PBXNativeTarget;
			buildConfigurationList = 7555FFA5242A565B00829871 /* Build configuration list for PBXNativeTarget "iosApp" */;
			buildPhases = (
				7555FFB5242A651A00829871 /* ShellScript */,
				7555FF77242A565900829871 /* Sources */,
				7555FF78242A565900829871 /* Frameworks */,
				7555FF79242A565900829871 /* Resources */,
				7555FFB4242A642300829871 /* Embed Frameworks */,
			);
			buildRules = (
			);
			dependencies = (
			);
			name = iosApp;
			packageProductDependencies = (
				FAFD26362B2F744300BD031B /* SwiftUIIntrospect */,
				FAFD26402B2F757800BD031B /* SwiftUIIntrospect */,
			);
			productName = iosApp;
			productReference = 7555FF7B242A565900829871 /* iosApp.app */;
			productType = "com.apple.product-type.application";
		};
/* End PBXNativeTarget section */

/* Begin PBXProject section */
		7555FF73242A565900829871 /* Project object */ = {
			isa = PBXProject;
			attributes = {
				LastSwiftUpdateCheck = 1130;
				LastUpgradeCheck = 1130;
				ORGANIZATIONNAME = orgName;
				TargetAttributes = {
					7555FF7A242A565900829871 = {
						CreatedOnToolsVersion = 11.3.1;
					};
				};
			};
			buildConfigurationList = 7555FF76242A565900829871 /* Build configuration list for PBXProject "iosApp" */;
			compatibilityVersion = "Xcode 9.3";
			developmentRegion = en;
			hasScannedForEncodings = 0;
			knownRegions = (
				en,
				Base,
			);
			mainGroup = 7555FF72242A565900829871;
			packageReferences = (
				FAFD26352B2F744300BD031B /* XCRemoteSwiftPackageReference "SwiftUI-Introspect" */,
			);
			productRefGroup = 7555FF7C242A565900829871 /* Products */;
			projectDirPath = "";
			projectRoot = "";
			targets = (
				7555FF7A242A565900829871 /* iosApp */,
			);
		};
/* End PBXProject section */

/* Begin PBXResourcesBuildPhase section */
		7555FF79242A565900829871 /* Resources */ = {
			isa = PBXResourcesBuildPhase;
			buildActionMask = 2147483647;
			files = (
				058557D9273AAEEB004C7B11 /* Preview Assets.xcassets in Resources */,
				058557BB273AAA24004C7B11 /* Assets.xcassets in Resources */,
			);
			runOnlyForDeploymentPostprocessing = 0;
		};
/* End PBXResourcesBuildPhase section */

/* Begin PBXShellScriptBuildPhase section */
		7555FFB5242A651A00829871 /* ShellScript */ = {
			isa = PBXShellScriptBuildPhase;
			buildActionMask = 2147483647;
			files = (
			);
			inputFileListPaths = (
			);
			inputPaths = (
			);
			outputFileListPaths = (
			);
			outputPaths = (
			);
			runOnlyForDeploymentPostprocessing = 0;
			shellPath = /bin/sh;
			shellScript = "cd \"$SRCROOT/..\"\n./gradlew :shared:embedAndSignAppleFrameworkForXcode\n";
		};
/* End PBXShellScriptBuildPhase section */

/* Begin PBXSourcesBuildPhase section */
		7555FF77242A565900829871 /* Sources */ = {
			isa = PBXSourcesBuildPhase;
			buildActionMask = 2147483647;
			files = (
				FA08ADFC2B297891005269F2 /* MainScreen.swift in Sources */,
				FAFD263F2B2F74A200BD031B /* FavoriteScreen.swift in Sources */,
				FAFD26512B31A46F00BD031B /* CoffeeDetailScreen.swift in Sources */,
				FACD83E12B2732EA004F2414 /* color-converter.swift in Sources */,
				FACD83DE2B272F27004F2414 /* StartScreen.swift in Sources */,
				FAAFD9FF2B2C5A2100FC4B39 /* IdentifiableCategory.swift in Sources */,
				FA08AE002B2B22D0005269F2 /* AppSearchBar.swift in Sources */,
				FACD83ED2B276A5A004F2414 /* PasswordTextField.swift in Sources */,
				FACD83EB2B276761004F2414 /* AppPrimaryButton.swift in Sources */,
				FAFD264B2B31A04200BD031B /* OrdersScreen.swift in Sources */,
				FA08ADF92B29760C005269F2 /* SplashViewModel.swift in Sources */,
				FACD83E62B275171004F2414 /* LoginViewModel.swift in Sources */,
				FA08ADFE2B2B19C4005269F2 /* MainScreenViewModel.swift in Sources */,
				2152FB042600AC8F00CF470E /* iOSApp.swift in Sources */,
				FA08ADF72B2974E4005269F2 /* SplashScreen.swift in Sources */,
				FACD83E42B275150004F2414 /* LoginScreen.swift in Sources */,
				FAAFDA032B2C62D600FC4B39 /* IdentifiableCoffee.swift in Sources */,
				FAAFDA012B2C5E7800FC4B39 /* CoffeeCard.swift in Sources */,
				FACD83E92B276319004F2414 /* LoginTextField.swift in Sources */,
				FAFD26552B31A4A900BD031B /* CoffeeDetailViewModel.swift in Sources */,
				FAFD264D2B31A05000BD031B /* CartScreen.swift in Sources */,
				FAAFD9FB2B2C4F7D00FC4B39 /* CategoryItem.swift in Sources */,
				FA08ADF42B27A021005269F2 /* CircularProgressBar.swift in Sources */,
			);
			runOnlyForDeploymentPostprocessing = 0;
		};
/* End PBXSourcesBuildPhase section */

/* Begin XCBuildConfiguration section */
		7555FFA3242A565B00829871 /* Debug */ = {
			isa = XCBuildConfiguration;
			buildSettings = {
				ALWAYS_SEARCH_USER_PATHS = NO;
				ASSETCATALOG_COMPILER_GLOBAL_ACCENT_COLOR_NAME = AccentColor;
				CLANG_ANALYZER_NONNULL = YES;
				CLANG_ANALYZER_NUMBER_OBJECT_CONVERSION = YES_AGGRESSIVE;
				CLANG_CXX_LANGUAGE_STANDARD = "gnu++14";
				CLANG_CXX_LIBRARY = "libc++";
				CLANG_ENABLE_MODULES = YES;
				CLANG_ENABLE_OBJC_ARC = YES;
				CLANG_ENABLE_OBJC_WEAK = YES;
				CLANG_WARN_BLOCK_CAPTURE_AUTORELEASING = YES;
				CLANG_WARN_BOOL_CONVERSION = YES;
				CLANG_WARN_COMMA = YES;
				CLANG_WARN_CONSTANT_CONVERSION = YES;
				CLANG_WARN_DEPRECATED_OBJC_IMPLEMENTATIONS = YES;
				CLANG_WARN_DIRECT_OBJC_ISA_USAGE = YES_ERROR;
				CLANG_WARN_DOCUMENTATION_COMMENTS = YES;
				CLANG_WARN_EMPTY_BODY = YES;
				CLANG_WARN_ENUM_CONVERSION = YES;
				CLANG_WARN_INFINITE_RECURSION = YES;
				CLANG_WARN_INT_CONVERSION = YES;
				CLANG_WARN_NON_LITERAL_NULL_CONVERSION = YES;
				CLANG_WARN_OBJC_IMPLICIT_RETAIN_SELF = YES;
				CLANG_WARN_OBJC_LITERAL_CONVERSION = YES;
				CLANG_WARN_OBJC_ROOT_CLASS = YES_ERROR;
				CLANG_WARN_QUOTED_INCLUDE_IN_FRAMEWORK_HEADER = YES;
				CLANG_WARN_RANGE_LOOP_ANALYSIS = YES;
				CLANG_WARN_STRICT_PROTOTYPES = YES;
				CLANG_WARN_SUSPICIOUS_MOVE = YES;
				CLANG_WARN_UNGUARDED_AVAILABILITY = YES_AGGRESSIVE;
				CLANG_WARN_UNREACHABLE_CODE = YES;
				CLANG_WARN__DUPLICATE_METHOD_MATCH = YES;
				COPY_PHASE_STRIP = NO;
				DEBUG_INFORMATION_FORMAT = "dwarf-with-dsym";
				ENABLE_STRICT_OBJC_MSGSEND = YES;
				ENABLE_TESTABILITY = YES;
				GCC_C_LANGUAGE_STANDARD = gnu11;
				GCC_DYNAMIC_NO_PIC = NO;
				GCC_NO_COMMON_BLOCKS = YES;
				GCC_OPTIMIZATION_LEVEL = 0;
				GCC_PREPROCESSOR_DEFINITIONS = (
					"DEBUG=1",
					"$(inherited)",
				);
				GCC_WARN_64_TO_32_BIT_CONVERSION = YES;
				GCC_WARN_ABOUT_RETURN_TYPE = YES_ERROR;
				GCC_WARN_UNDECLARED_SELECTOR = YES;
				GCC_WARN_UNINITIALIZED_AUTOS = YES_AGGRESSIVE;
				GCC_WARN_UNUSED_FUNCTION = YES;
				GCC_WARN_UNUSED_VARIABLE = YES;
				IPHONEOS_DEPLOYMENT_TARGET = 14.1;
				MTL_ENABLE_DEBUG_INFO = INCLUDE_SOURCE;
				MTL_FAST_MATH = YES;
				ONLY_ACTIVE_ARCH = YES;
				OTHER_LDFLAGS = "-lsqlite3";
				SDKROOT = iphoneos;
				SWIFT_ACTIVE_COMPILATION_CONDITIONS = DEBUG;
				SWIFT_OPTIMIZATION_LEVEL = "-Onone";
			};
			name = Debug;
		};
		7555FFA4242A565B00829871 /* Release */ = {
			isa = XCBuildConfiguration;
			buildSettings = {
				ALWAYS_SEARCH_USER_PATHS = NO;
				ASSETCATALOG_COMPILER_GLOBAL_ACCENT_COLOR_NAME = AccentColor;
				CLANG_ANALYZER_NONNULL = YES;
				CLANG_ANALYZER_NUMBER_OBJECT_CONVERSION = YES_AGGRESSIVE;
				CLANG_CXX_LANGUAGE_STANDARD = "gnu++14";
				CLANG_CXX_LIBRARY = "libc++";
				CLANG_ENABLE_MODULES = YES;
				CLANG_ENABLE_OBJC_ARC = YES;
				CLANG_ENABLE_OBJC_WEAK = YES;
				CLANG_WARN_BLOCK_CAPTURE_AUTORELEASING = YES;
				CLANG_WARN_BOOL_CONVERSION = YES;
				CLANG_WARN_COMMA = YES;
				CLANG_WARN_CONSTANT_CONVERSION = YES;
				CLANG_WARN_DEPRECATED_OBJC_IMPLEMENTATIONS = YES;
				CLANG_WARN_DIRECT_OBJC_ISA_USAGE = YES_ERROR;
				CLANG_WARN_DOCUMENTATION_COMMENTS = YES;
				CLANG_WARN_EMPTY_BODY = YES;
				CLANG_WARN_ENUM_CONVERSION = YES;
				CLANG_WARN_INFINITE_RECURSION = YES;
				CLANG_WARN_INT_CONVERSION = YES;
				CLANG_WARN_NON_LITERAL_NULL_CONVERSION = YES;
				CLANG_WARN_OBJC_IMPLICIT_RETAIN_SELF = YES;
				CLANG_WARN_OBJC_LITERAL_CONVERSION = YES;
				CLANG_WARN_OBJC_ROOT_CLASS = YES_ERROR;
				CLANG_WARN_QUOTED_INCLUDE_IN_FRAMEWORK_HEADER = YES;
				CLANG_WARN_RANGE_LOOP_ANALYSIS = YES;
				CLANG_WARN_STRICT_PROTOTYPES = YES;
				CLANG_WARN_SUSPICIOUS_MOVE = YES;
				CLANG_WARN_UNGUARDED_AVAILABILITY = YES_AGGRESSIVE;
				CLANG_WARN_UNREACHABLE_CODE = YES;
				CLANG_WARN__DUPLICATE_METHOD_MATCH = YES;
				COPY_PHASE_STRIP = NO;
				DEBUG_INFORMATION_FORMAT = "dwarf-with-dsym";
				ENABLE_NS_ASSERTIONS = NO;
				ENABLE_STRICT_OBJC_MSGSEND = YES;
				GCC_C_LANGUAGE_STANDARD = gnu11;
				GCC_NO_COMMON_BLOCKS = YES;
				GCC_WARN_64_TO_32_BIT_CONVERSION = YES;
				GCC_WARN_ABOUT_RETURN_TYPE = YES_ERROR;
				GCC_WARN_UNDECLARED_SELECTOR = YES;
				GCC_WARN_UNINITIALIZED_AUTOS = YES_AGGRESSIVE;
				GCC_WARN_UNUSED_FUNCTION = YES;
				GCC_WARN_UNUSED_VARIABLE = YES;
				IPHONEOS_DEPLOYMENT_TARGET = 14.1;
				MTL_ENABLE_DEBUG_INFO = NO;
				MTL_FAST_MATH = YES;
				OTHER_LDFLAGS = "-lsqlite3";
				SDKROOT = iphoneos;
				SWIFT_COMPILATION_MODE = wholemodule;
				SWIFT_OPTIMIZATION_LEVEL = "-O";
				VALIDATE_PRODUCT = YES;
			};
			name = Release;
		};
		7555FFA6242A565B00829871 /* Debug */ = {
			isa = XCBuildConfiguration;
			buildSettings = {
				ASSETCATALOG_COMPILER_APPICON_NAME = AppIcon;
				ASSETCATALOG_COMPILER_GLOBAL_ACCENT_COLOR_NAME = AccentColor;
				CODE_SIGN_STYLE = Automatic;
				DEVELOPMENT_ASSET_PATHS = "\"iosApp/Preview Content\"";
				DEVELOPMENT_TEAM = 3XU5RDW35H;
				ENABLE_PREVIEWS = YES;
				FRAMEWORK_SEARCH_PATHS = (
					"$(inherited)",
					"$(SRCROOT)/../shared/build/xcode-frameworks/$(CONFIGURATION)/$(SDK_NAME)",
				);
				INFOPLIST_FILE = iosApp/Info.plist;
				INFOPLIST_KEY_CFBundleDisplayName = CoffeeShop;
				INFOPLIST_KEY_LSApplicationCategoryType = "public.app-category.food-and-drink";
				IPHONEOS_DEPLOYMENT_TARGET = 15;
				LD_RUNPATH_SEARCH_PATHS = (
					"$(inherited)",
					"@executable_path/Frameworks",
				);
				OTHER_LDFLAGS = (
					"$(inherited)",
					"-framework",
					shared,
				);
				PRODUCT_BUNDLE_IDENTIFIER = larkes;
				PRODUCT_NAME = "$(TARGET_NAME)";
				SWIFT_VERSION = 5.0;
				TARGETED_DEVICE_FAMILY = "1,2";
			};
			name = Debug;
		};
		7555FFA7242A565B00829871 /* Release */ = {
			isa = XCBuildConfiguration;
			buildSettings = {
				ASSETCATALOG_COMPILER_APPICON_NAME = AppIcon;
				ASSETCATALOG_COMPILER_GLOBAL_ACCENT_COLOR_NAME = AccentColor;
				CODE_SIGN_STYLE = Automatic;
				DEVELOPMENT_ASSET_PATHS = "\"iosApp/Preview Content\"";
				DEVELOPMENT_TEAM = 3XU5RDW35H;
				ENABLE_PREVIEWS = YES;
				FRAMEWORK_SEARCH_PATHS = (
					"$(inherited)",
					"$(SRCROOT)/../shared/build/xcode-frameworks/$(CONFIGURATION)/$(SDK_NAME)",
				);
				INFOPLIST_FILE = iosApp/Info.plist;
				INFOPLIST_KEY_CFBundleDisplayName = CoffeeShop;
				INFOPLIST_KEY_LSApplicationCategoryType = "public.app-category.food-and-drink";
				IPHONEOS_DEPLOYMENT_TARGET = 15;
				LD_RUNPATH_SEARCH_PATHS = (
					"$(inherited)",
					"@executable_path/Frameworks",
				);
				OTHER_LDFLAGS = (
					"$(inherited)",
					"-framework",
					shared,
				);
				PRODUCT_BUNDLE_IDENTIFIER = larkes;
				PRODUCT_NAME = "$(TARGET_NAME)";
				SWIFT_VERSION = 5.0;
				TARGETED_DEVICE_FAMILY = "1,2";
			};
			name = Release;
		};
/* End XCBuildConfiguration section */

/* Begin XCConfigurationList section */
		7555FF76242A565900829871 /* Build configuration list for PBXProject "iosApp" */ = {
			isa = XCConfigurationList;
			buildConfigurations = (
				7555FFA3242A565B00829871 /* Debug */,
				7555FFA4242A565B00829871 /* Release */,
			);
			defaultConfigurationIsVisible = 0;
			defaultConfigurationName = Release;
		};
		7555FFA5242A565B00829871 /* Build configuration list for PBXNativeTarget "iosApp" */ = {
			isa = XCConfigurationList;
			buildConfigurations = (
				7555FFA6242A565B00829871 /* Debug */,
				7555FFA7242A565B00829871 /* Release */,
			);
			defaultConfigurationIsVisible = 0;
			defaultConfigurationName = Release;
		};
/* End XCConfigurationList section */

/* Begin XCRemoteSwiftPackageReference section */
		FAFD26352B2F744300BD031B /* XCRemoteSwiftPackageReference "SwiftUI-Introspect" */ = {
			isa = XCRemoteSwiftPackageReference;
			repositoryURL = "https://github.com/siteline/SwiftUI-Introspect";
			requirement = {
				kind = upToNextMajorVersion;
				minimumVersion = 1.1.1;
			};
		};
/* End XCRemoteSwiftPackageReference section */

/* Begin XCSwiftPackageProductDependency section */
		FAFD26362B2F744300BD031B /* SwiftUIIntrospect */ = {
			isa = XCSwiftPackageProductDependency;
			package = FAFD26352B2F744300BD031B /* XCRemoteSwiftPackageReference "SwiftUI-Introspect" */;
			productName = SwiftUIIntrospect;
		};
		FAFD26402B2F757800BD031B /* SwiftUIIntrospect */ = {
			isa = XCSwiftPackageProductDependency;
			package = FAFD26352B2F744300BD031B /* XCRemoteSwiftPackageReference "SwiftUI-Introspect" */;
			productName = SwiftUIIntrospect;
		};
/* End XCSwiftPackageProductDependency section */
	};
	rootObject = 7555FF73242A565900829871 /* Project object */;
}
